
Microsoft Visual Studio Solution File, Format Version 12.00
# Visual Studio Version 17
VisualStudioVersion = 17.3.32922.545
MinimumVisualStudioVersion = 10.0.40219.1
Project("{FAE04EC0-301F-11D3-BF4B-00C04F79EFBC}") = "BulkyBookAPI", "BulkyBookAPI\BulkyBookAPI.csproj", "{C7D6D44A-44E4-4678-9064-057E8A24582B}"
EndProject
Global
	GlobalSection(SolutionConfigurationPlatforms) = preSolution
		Debug|Any CPU = Debug|Any CPU
		Release|Any CPU = Release|Any CPU
	EndGlobalSection
	GlobalSection(ProjectConfigurationPlatforms) = postSolution
		{C7D6D44A-44E4-4678-9064-057E8A24582B}.Debug|Any CPU.ActiveCfg = Debug|Any CPU
		{C7D6D44A-44E4-4678-9064-057E8A24582B}.Debug|Any CPU.Build.0 = Debug|Any CPU
		{C7D6D44A-44E4-4678-9064-057E8A24582B}.Release|Any CPU.ActiveCfg = Release|Any CPU
		{C7D6D44A-44E4-4678-9064-057E8A24582B}.Release|Any CPU.Build.0 = Release|Any CPU
	EndGlobalSection
	GlobalSection(SolutionProperties) = preSolution
		HideSolutionNode = FALSE
	EndGlobalSection
	GlobalSection(ExtensibilityGlobals) = postSolution
		SolutionGuid = {D3F6C007-65D9-4F63-94CC-93B16D5C04F8}
	EndGlobalSection
EndGlobal
